
Microsoft Visual Studio Solution File, Format Version 12.00
# Visual Studio 15
VisualStudioVersion = 15.0.28307.1267
MinimumVisualStudioVersion = 10.0.40219.1
Project("{FAE04EC0-301F-11D3-BF4B-00C04F79EFBC}") = "Interfaces", "Interfaces\Interfaces.csproj", "{47A6438A-7EC3-456E-B037-D2DA6F69B4E3}"
EndProject
Global
	GlobalSection(SolutionConfigurationPlatforms) = preSolution
		Debug|Any CPU = Debug|Any CPU
		Release|Any CPU = Release|Any CPU
	EndGlobalSection
	GlobalSection(ProjectConfigurationPlatforms) = postSolution
		{47A6438A-7EC3-456E-B037-D2DA6F69B4E3}.Debug|Any CPU.ActiveCfg = Debug|Any CPU
		{47A6438A-7EC3-456E-B037-D2DA6F69B4E3}.Debug|Any CPU.Build.0 = Debug|Any CPU
		{47A6438A-7EC3-456E-B037-D2DA6F69B4E3}.Release|Any CPU.ActiveCfg = Release|Any CPU
		{47A6438A-7EC3-456E-B037-D2DA6F69B4E3}.Release|Any CPU.Build.0 = Release|Any CPU
	EndGlobalSection
	GlobalSection(SolutionProperties) = preSolution
		HideSolutionNode = FALSE
	EndGlobalSection
	GlobalSection(ExtensibilityGlobals) = postSolution
		SolutionGuid = {7E37608B-8599-4A21-93AC-D9AFC01B2C12}
	EndGlobalSection
EndGlobal
